
Microsoft Visual Studio Solution File, Format Version 12.00
# Visual Studio Version 17
VisualStudioVersion = 17.3.32929.385
MinimumVisualStudioVersion = 10.0.40219.1
Project("{00D1A9C2-B5F0-4AF3-8072-F6C62B433612}") = "Employees", "Employees\Employees.sqlproj", "{DE4C651B-848E-47C2-BC9D-EF16B3B53F2A}"
EndProject
Project("{2150E333-8FDC-42A3-9474-1A3956D46DE8}") = "Solution Items", "Solution Items", "{6CCD7193-1E11-4664-A221-EEBA3CF83230}"
	ProjectSection(SolutionItems) = preProject
		.editorconfig = .editorconfig
	EndProjectSection
EndProject
Project("{9A19103F-16F7-4668-BE54-9A1E7A4F7556}") = "SynelEmployees", "SynelEmployees\SynelEmployees.csproj", "{7CA148E8-EDAF-4BF3-83B8-F4DD3E591CDB}"
EndProject
Project("{9A19103F-16F7-4668-BE54-9A1E7A4F7556}") = "DataAccessLibrary", "DataAccessLibrary\DataAccessLibrary.csproj", "{3FFAF2A9-412D-45D7-ADC8-51EAFD3F5B85}"
EndProject
Project("{2150E333-8FDC-42A3-9474-1A3956D46DE8}") = "Tests", "Tests", "{C34EC79A-4BE7-43DA-A2B1-9370FFA6D440}"
EndProject
Project("{9A19103F-16F7-4668-BE54-9A1E7A4F7556}") = "SynelEmployees.Tests", "SynelEmployees.Tests\SynelEmployees.Tests.csproj", "{724E977A-86C9-478F-B9FB-BF2791546A33}"
EndProject
Global
	GlobalSection(SolutionConfigurationPlatforms) = preSolution
		Debug|Any CPU = Debug|Any CPU
		Release|Any CPU = Release|Any CPU
	EndGlobalSection
	GlobalSection(ProjectConfigurationPlatforms) = postSolution
		{DE4C651B-848E-47C2-BC9D-EF16B3B53F2A}.Debug|Any CPU.ActiveCfg = Debug|Any CPU
		{DE4C651B-848E-47C2-BC9D-EF16B3B53F2A}.Debug|Any CPU.Build.0 = Debug|Any CPU
		{DE4C651B-848E-47C2-BC9D-EF16B3B53F2A}.Debug|Any CPU.Deploy.0 = Debug|Any CPU
		{DE4C651B-848E-47C2-BC9D-EF16B3B53F2A}.Release|Any CPU.ActiveCfg = Release|Any CPU
		{DE4C651B-848E-47C2-BC9D-EF16B3B53F2A}.Release|Any CPU.Build.0 = Release|Any CPU
		{DE4C651B-848E-47C2-BC9D-EF16B3B53F2A}.Release|Any CPU.Deploy.0 = Release|Any CPU
		{7CA148E8-EDAF-4BF3-83B8-F4DD3E591CDB}.Debug|Any CPU.ActiveCfg = Debug|Any CPU
		{7CA148E8-EDAF-4BF3-83B8-F4DD3E591CDB}.Debug|Any CPU.Build.0 = Debug|Any CPU
		{7CA148E8-EDAF-4BF3-83B8-F4DD3E591CDB}.Release|Any CPU.ActiveCfg = Release|Any CPU
		{7CA148E8-EDAF-4BF3-83B8-F4DD3E591CDB}.Release|Any CPU.Build.0 = Release|Any CPU
		{3FFAF2A9-412D-45D7-ADC8-51EAFD3F5B85}.Debug|Any CPU.ActiveCfg = Debug|Any CPU
		{3FFAF2A9-412D-45D7-ADC8-51EAFD3F5B85}.Debug|Any CPU.Build.0 = Debug|Any CPU
		{3FFAF2A9-412D-45D7-ADC8-51EAFD3F5B85}.Release|Any CPU.ActiveCfg = Release|Any CPU
		{3FFAF2A9-412D-45D7-ADC8-51EAFD3F5B85}.Release|Any CPU.Build.0 = Release|Any CPU
		{724E977A-86C9-478F-B9FB-BF2791546A33}.Debug|Any CPU.ActiveCfg = Debug|Any CPU
		{724E977A-86C9-478F-B9FB-BF2791546A33}.Debug|Any CPU.Build.0 = Debug|Any CPU
		{724E977A-86C9-478F-B9FB-BF2791546A33}.Release|Any CPU.ActiveCfg = Release|Any CPU
		{724E977A-86C9-478F-B9FB-BF2791546A33}.Release|Any CPU.Build.0 = Release|Any CPU
	EndGlobalSection
	GlobalSection(SolutionProperties) = preSolution
		HideSolutionNode = FALSE
	EndGlobalSection
	GlobalSection(NestedProjects) = preSolution
		{724E977A-86C9-478F-B9FB-BF2791546A33} = {C34EC79A-4BE7-43DA-A2B1-9370FFA6D440}
	EndGlobalSection
	GlobalSection(ExtensibilityGlobals) = postSolution
		SolutionGuid = {2067E2D9-C286-4478-8FD8-5D1692706447}
	EndGlobalSection
EndGlobal
